
Microsoft Visual Studio Solution File, Format Version 12.00
# Visual Studio 15
VisualStudioVersion = 15.0.28010.2036
MinimumVisualStudioVersion = 10.0.40219.1
Project("{9A19103F-16F7-4668-BE54-9A1E7A4F7556}") = "SearchMvc", "SearchMvc\SearchMvc.csproj", "{5794B5F7-1632-418C-BE2B-1ECCCC234102}"
EndProject
Project("{FAE04EC0-301F-11D3-BF4B-00C04F79EFBC}") = "SearchMvc.Tests", "SearchMvc.Tests\SearchMvc.Tests.csproj", "{22D43EA6-004D-456E-8F03-C070688B8871}"
EndProject
Global
	GlobalSection(SolutionConfigurationPlatforms) = preSolution
		Debug|Any CPU = Debug|Any CPU
		Release|Any CPU = Release|Any CPU
	EndGlobalSection
	GlobalSection(ProjectConfigurationPlatforms) = postSolution
		{5794B5F7-1632-418C-BE2B-1ECCCC234102}.Debug|Any CPU.ActiveCfg = Debug|Any CPU
		{5794B5F7-1632-418C-BE2B-1ECCCC234102}.Debug|Any CPU.Build.0 = Debug|Any CPU
		{5794B5F7-1632-418C-BE2B-1ECCCC234102}.Release|Any CPU.ActiveCfg = Release|Any CPU
		{5794B5F7-1632-418C-BE2B-1ECCCC234102}.Release|Any CPU.Build.0 = Release|Any CPU
		{22D43EA6-004D-456E-8F03-C070688B8871}.Debug|Any CPU.ActiveCfg = Debug|Any CPU
		{22D43EA6-004D-456E-8F03-C070688B8871}.Debug|Any CPU.Build.0 = Debug|Any CPU
		{22D43EA6-004D-456E-8F03-C070688B8871}.Release|Any CPU.ActiveCfg = Release|Any CPU
		{22D43EA6-004D-456E-8F03-C070688B8871}.Release|Any CPU.Build.0 = Release|Any CPU
	EndGlobalSection
	GlobalSection(SolutionProperties) = preSolution
		HideSolutionNode = FALSE
	EndGlobalSection
	GlobalSection(ExtensibilityGlobals) = postSolution
		SolutionGuid = {8D32BE11-4E5E-4FCA-8125-9E030A374443}
	EndGlobalSection
EndGlobal
